
Microsoft Visual Studio Solution File, Format Version 12.00
# Visual Studio 15
VisualStudioVersion = 15.0.26730.3
MinimumVisualStudioVersion = 10.0.40219.1
Project("{FAE04EC0-301F-11D3-BF4B-00C04F79EFBC}") = "Facade", "Facade\Facade.csproj", "{08ED685E-670B-4897-B081-4D1550D71FD0}"
EndProject
Global
	GlobalSection(SolutionConfigurationPlatforms) = preSolution
		Debug|Any CPU = Debug|Any CPU
		Release|Any CPU = Release|Any CPU
	EndGlobalSection
	GlobalSection(ProjectConfigurationPlatforms) = postSolution
		{08ED685E-670B-4897-B081-4D1550D71FD0}.Debug|Any CPU.ActiveCfg = Debug|Any CPU
		{08ED685E-670B-4897-B081-4D1550D71FD0}.Debug|Any CPU.Build.0 = Debug|Any CPU
		{08ED685E-670B-4897-B081-4D1550D71FD0}.Release|Any CPU.ActiveCfg = Release|Any CPU
		{08ED685E-670B-4897-B081-4D1550D71FD0}.Release|Any CPU.Build.0 = Release|Any CPU
	EndGlobalSection
	GlobalSection(SolutionProperties) = preSolution
		HideSolutionNode = FALSE
	EndGlobalSection
	GlobalSection(ExtensibilityGlobals) = postSolution
		SolutionGuid = {2D97AA84-FD94-4383-BA07-C2AA3D9A5D66}
	EndGlobalSection
EndGlobal
