
Microsoft Visual Studio Solution File, Format Version 12.00
# Visual Studio 15
VisualStudioVersion = 15.0.26730.3
MinimumVisualStudioVersion = 10.0.40219.1
Project("{FAE04EC0-301F-11D3-BF4B-00C04F79EFBC}") = "DecoratorSample", "DecoratorSample\DecoratorSample.csproj", "{1FC0DAEE-88B3-4905-9974-6357707EB224}"
EndProject
Global
	GlobalSection(SolutionConfigurationPlatforms) = preSolution
		Debug|Any CPU = Debug|Any CPU
		Release|Any CPU = Release|Any CPU
	EndGlobalSection
	GlobalSection(ProjectConfigurationPlatforms) = postSolution
		{1FC0DAEE-88B3-4905-9974-6357707EB224}.Debug|Any CPU.ActiveCfg = Debug|Any CPU
		{1FC0DAEE-88B3-4905-9974-6357707EB224}.Debug|Any CPU.Build.0 = Debug|Any CPU
		{1FC0DAEE-88B3-4905-9974-6357707EB224}.Release|Any CPU.ActiveCfg = Release|Any CPU
		{1FC0DAEE-88B3-4905-9974-6357707EB224}.Release|Any CPU.Build.0 = Release|Any CPU
	EndGlobalSection
	GlobalSection(SolutionProperties) = preSolution
		HideSolutionNode = FALSE
	EndGlobalSection
	GlobalSection(ExtensibilityGlobals) = postSolution
		SolutionGuid = {BB43F9ED-E758-4ACA-8554-8FE73558D7E0}
	EndGlobalSection
EndGlobal
