
Microsoft Visual Studio Solution File, Format Version 12.00
# Visual Studio 15
VisualStudioVersion = 15.0.26730.3
MinimumVisualStudioVersion = 10.0.40219.1
Project("{FAE04EC0-301F-11D3-BF4B-00C04F79EFBC}") = "FacadeSample", "FacadeSample\FacadeSample.csproj", "{BA525527-67E9-4CC6-9E11-88CDE37A577D}"
EndProject
Global
	GlobalSection(SolutionConfigurationPlatforms) = preSolution
		Debug|Any CPU = Debug|Any CPU
		Release|Any CPU = Release|Any CPU
	EndGlobalSection
	GlobalSection(ProjectConfigurationPlatforms) = postSolution
		{BA525527-67E9-4CC6-9E11-88CDE37A577D}.Debug|Any CPU.ActiveCfg = Debug|Any CPU
		{BA525527-67E9-4CC6-9E11-88CDE37A577D}.Debug|Any CPU.Build.0 = Debug|Any CPU
		{BA525527-67E9-4CC6-9E11-88CDE37A577D}.Release|Any CPU.ActiveCfg = Release|Any CPU
		{BA525527-67E9-4CC6-9E11-88CDE37A577D}.Release|Any CPU.Build.0 = Release|Any CPU
	EndGlobalSection
	GlobalSection(SolutionProperties) = preSolution
		HideSolutionNode = FALSE
	EndGlobalSection
	GlobalSection(ExtensibilityGlobals) = postSolution
		SolutionGuid = {917C8DFC-70E6-44F7-B9AF-11A5764F7DAA}
	EndGlobalSection
EndGlobal
